// !$*UTF8*$!
{
	archiveVersion = 1;
	classes = {
	};
	objectVersion = 46;
	objects = {

/* Begin PBXBuildFile section */
		070C5BEA1BCF801D00E8AF1E /* build-libssl.sh in Resources */ = {isa = PBXBuildFile; fileRef = 070C5BE81BCF801D00E8AF1E /* build-libssl.sh */; };
		070C5BEB1BCF801D00E8AF1E /* create-openssl-framework.sh in Resources */ = {isa = PBXBuildFile; fileRef = 070C5BE91BCF801D00E8AF1E /* create-openssl-framework.sh */; };
		524418C219209A5400D6804D /* Foundation.framework in Frameworks */ = {isa = PBXBuildFile; fileRef = 524418C119209A5400D6804D /* Foundation.framework */; };
		524418C419209A5500D6804D /* CoreGraphics.framework in Frameworks */ = {isa = PBXBuildFile; fileRef = 524418C319209A5500D6804D /* CoreGraphics.framework */; };
		524418C619209A5500D6804D /* UIKit.framework in Frameworks */ = {isa = PBXBuildFile; fileRef = 524418C519209A5500D6804D /* UIKit.framework */; };
		524418CC19209A5500D6804D /* InfoPlist.strings in Resources */ = {isa = PBXBuildFile; fileRef = 524418CA19209A5500D6804D /* InfoPlist.strings */; };
		524418CE19209A5500D6804D /* main.m in Sources */ = {isa = PBXBuildFile; fileRef = 524418CD19209A5500D6804D /* main.m */; };
		524418D219209A5500D6804D /* CCAppDelegate.m in Sources */ = {isa = PBXBuildFile; fileRef = 524418D119209A5500D6804D /* CCAppDelegate.m */; };
		524418D519209A5500D6804D /* Main_iPhone.storyboard in Resources */ = {isa = PBXBuildFile; fileRef = 524418D319209A5500D6804D /* Main_iPhone.storyboard */; };
		524418D819209A5500D6804D /* Main_iPad.storyboard in Resources */ = {isa = PBXBuildFile; fileRef = 524418D619209A5500D6804D /* Main_iPad.storyboard */; };
		524418DD19209A5500D6804D /* Images.xcassets in Resources */ = {isa = PBXBuildFile; fileRef = 524418DC19209A5500D6804D /* Images.xcassets */; };
		524418E419209A5500D6804D /* XCTest.framework in Frameworks */ = {isa = PBXBuildFile; fileRef = 524418E319209A5500D6804D /* XCTest.framework */; };
		524418E519209A5500D6804D /* Foundation.framework in Frameworks */ = {isa = PBXBuildFile; fileRef = 524418C119209A5400D6804D /* Foundation.framework */; };
		524418E619209A5500D6804D /* UIKit.framework in Frameworks */ = {isa = PBXBuildFile; fileRef = 524418C519209A5500D6804D /* UIKit.framework */; };
		524418EE19209A5500D6804D /* InfoPlist.strings in Resources */ = {isa = PBXBuildFile; fileRef = 524418EC19209A5500D6804D /* InfoPlist.strings */; };
		524418F019209A5500D6804D /* CCIntegrationKitTests.m in Sources */ = {isa = PBXBuildFile; fileRef = 524418EF19209A5500D6804D /* CCIntegrationKitTests.m */; };
		524419011920CFCE00D6804D /* CCWebViewController.m in Sources */ = {isa = PBXBuildFile; fileRef = 524419001920CFCE00D6804D /* CCWebViewController.m */; };
		52A2DF931925C4790014A331 /* CCResultViewController.m in Sources */ = {isa = PBXBuildFile; fileRef = 52A2DF921925C4790014A331 /* CCResultViewController.m */; };
		52A9E8351923B42500870A98 /* CCTool.m in Sources */ = {isa = PBXBuildFile; fileRef = 52A9E8341923B42500870A98 /* CCTool.m */; };
		52ADB67C1964113E00D49CED /* Base64.m in Sources */ = {isa = PBXBuildFile; fileRef = 52ADB67B1964113E00D49CED /* Base64.m */; };
		52C7E07D19742DB000BE0D51 /* CCInitViewController.m in Sources */ = {isa = PBXBuildFile; fileRef = 52C7E07C19742DB000BE0D51 /* CCInitViewController.m */; };
		C6D5871E3877691181ED0418 /* libPods-CCIntegrationKit.a in Frameworks */ = {isa = PBXBuildFile; fileRef = D80A7EAA3C83E65705FE2D5D /* libPods-CCIntegrationKit.a */; };
/* End PBXBuildFile section */

/* Begin PBXContainerItemProxy section */
		524418E719209A5500D6804D /* PBXContainerItemProxy */ = {
			isa = PBXContainerItemProxy;
			containerPortal = 524418B619209A5400D6804D /* Project object */;
			proxyType = 1;
			remoteGlobalIDString = 524418BD19209A5400D6804D;
			remoteInfo = CCIntegrationKit;
		};
/* End PBXContainerItemProxy section */

/* Begin PBXFileReference section */
		070C5BE81BCF801D00E8AF1E /* build-libssl.sh */ = {isa = PBXFileReference; fileEncoding = 4; lastKnownFileType = text.script.sh; path = "build-libssl.sh"; sourceTree = "<group>"; };
		070C5BE91BCF801D00E8AF1E /* create-openssl-framework.sh */ = {isa = PBXFileReference; fileEncoding = 4; lastKnownFileType = text.script.sh; path = "create-openssl-framework.sh"; sourceTree = "<group>"; };
		524418BE19209A5400D6804D /* CCIntegrationKit.app */ = {isa = PBXFileReference; explicitFileType = wrapper.application; includeInIndex = 0; path = CCIntegrationKit.app; sourceTree = BUILT_PRODUCTS_DIR; };
		524418C119209A5400D6804D /* Foundation.framework */ = {isa = PBXFileReference; lastKnownFileType = wrapper.framework; name = Foundation.framework; path = System/Library/Frameworks/Foundation.framework; sourceTree = SDKROOT; };
		524418C319209A5500D6804D /* CoreGraphics.framework */ = {isa = PBXFileReference; lastKnownFileType = wrapper.framework; name = CoreGraphics.framework; path = System/Library/Frameworks/CoreGraphics.framework; sourceTree = SDKROOT; };
		524418C519209A5500D6804D /* UIKit.framework */ = {isa = PBXFileReference; lastKnownFileType = wrapper.framework; name = UIKit.framework; path = System/Library/Frameworks/UIKit.framework; sourceTree = SDKROOT; };
		524418C919209A5500D6804D /* CCIntegrationKit-Info.plist */ = {isa = PBXFileReference; lastKnownFileType = text.plist.xml; path = "CCIntegrationKit-Info.plist"; sourceTree = "<group>"; };
		524418CB19209A5500D6804D /* en */ = {isa = PBXFileReference; lastKnownFileType = text.plist.strings; name = en; path = en.lproj/InfoPlist.strings; sourceTree = "<group>"; };
		524418CD19209A5500D6804D /* main.m */ = {isa = PBXFileReference; lastKnownFileType = sourcecode.c.objc; path = main.m; sourceTree = "<group>"; };
		524418CF19209A5500D6804D /* CCIntegrationKit-Prefix.pch */ = {isa = PBXFileReference; lastKnownFileType = sourcecode.c.h; path = "CCIntegrationKit-Prefix.pch"; sourceTree = "<group>"; };
		524418D019209A5500D6804D /* CCAppDelegate.h */ = {isa = PBXFileReference; lastKnownFileType = sourcecode.c.h; path = CCAppDelegate.h; sourceTree = "<group>"; };
		524418D119209A5500D6804D /* CCAppDelegate.m */ = {isa = PBXFileReference; lastKnownFileType = sourcecode.c.objc; path = CCAppDelegate.m; sourceTree = "<group>"; };
		524418D419209A5500D6804D /* Base */ = {isa = PBXFileReference; lastKnownFileType = file.storyboard; name = Base; path = Base.lproj/Main_iPhone.storyboard; sourceTree = "<group>"; };
		524418D719209A5500D6804D /* Base */ = {isa = PBXFileReference; lastKnownFileType = file.storyboard; name = Base; path = Base.lproj/Main_iPad.storyboard; sourceTree = "<group>"; };
		524418DC19209A5500D6804D /* Images.xcassets */ = {isa = PBXFileReference; lastKnownFileType = folder.assetcatalog; path = Images.xcassets; sourceTree = "<group>"; };
		524418E219209A5500D6804D /* CCIntegrationKitTests.xctest */ = {isa = PBXFileReference; explicitFileType = wrapper.cfbundle; includeInIndex = 0; path = CCIntegrationKitTests.xctest; sourceTree = BUILT_PRODUCTS_DIR; };
		524418E319209A5500D6804D /* XCTest.framework */ = {isa = PBXFileReference; lastKnownFileType = wrapper.framework; name = XCTest.framework; path = Library/Frameworks/XCTest.framework; sourceTree = DEVELOPER_DIR; };
		524418EB19209A5500D6804D /* CCIntegrationKitTests-Info.plist */ = {isa = PBXFileReference; lastKnownFileType = text.plist.xml; path = "CCIntegrationKitTests-Info.plist"; sourceTree = "<group>"; };
		524418ED19209A5500D6804D /* en */ = {isa = PBXFileReference; lastKnownFileType = text.plist.strings; name = en; path = en.lproj/InfoPlist.strings; sourceTree = "<group>"; };
		524418EF19209A5500D6804D /* CCIntegrationKitTests.m */ = {isa = PBXFileReference; lastKnownFileType = sourcecode.c.objc; path = CCIntegrationKitTests.m; sourceTree = "<group>"; };
		524418FF1920CFCE00D6804D /* CCWebViewController.h */ = {isa = PBXFileReference; fileEncoding = 4; lastKnownFileType = sourcecode.c.h; path = CCWebViewController.h; sourceTree = "<group>"; };
		524419001920CFCE00D6804D /* CCWebViewController.m */ = {isa = PBXFileReference; fileEncoding = 4; lastKnownFileType = sourcecode.c.objc; path = CCWebViewController.m; sourceTree = "<group>"; };
		52A2DF911925C4790014A331 /* CCResultViewController.h */ = {isa = PBXFileReference; fileEncoding = 4; lastKnownFileType = sourcecode.c.h; path = CCResultViewController.h; sourceTree = "<group>"; };
		52A2DF921925C4790014A331 /* CCResultViewController.m */ = {isa = PBXFileReference; fileEncoding = 4; lastKnownFileType = sourcecode.c.objc; path = CCResultViewController.m; sourceTree = "<group>"; };
		52A9E8331923B42500870A98 /* CCTool.h */ = {isa = PBXFileReference; fileEncoding = 4; lastKnownFileType = sourcecode.c.h; path = CCTool.h; sourceTree = "<group>"; };
		52A9E8341923B42500870A98 /* CCTool.m */ = {isa = PBXFileReference; fileEncoding = 4; lastKnownFileType = sourcecode.c.objc; path = CCTool.m; sourceTree = "<group>"; };
		52ADB6791964108F00D49CED /* Base64.h */ = {isa = PBXFileReference; lastKnownFileType = sourcecode.c.h; path = Base64.h; sourceTree = "<group>"; };
		52ADB67B1964113E00D49CED /* Base64.m */ = {isa = PBXFileReference; fileEncoding = 4; lastKnownFileType = sourcecode.c.objc; path = Base64.m; sourceTree = "<group>"; };
		52C7E07B19742DB000BE0D51 /* CCInitViewController.h */ = {isa = PBXFileReference; fileEncoding = 4; lastKnownFileType = sourcecode.c.h; path = CCInitViewController.h; sourceTree = "<group>"; };
		52C7E07C19742DB000BE0D51 /* CCInitViewController.m */ = {isa = PBXFileReference; fileEncoding = 4; lastKnownFileType = sourcecode.c.objc; path = CCInitViewController.m; sourceTree = "<group>"; };
		7561411A0027F2F534C1B381 /* Pods-CCIntegrationKit.debug.xcconfig */ = {isa = PBXFileReference; includeInIndex = 1; lastKnownFileType = text.xcconfig; name = "Pods-CCIntegrationKit.debug.xcconfig"; path = "Pods/Target Support Files/Pods-CCIntegrationKit/Pods-CCIntegrationKit.debug.xcconfig"; sourceTree = "<group>"; };
		D80A7EAA3C83E65705FE2D5D /* libPods-CCIntegrationKit.a */ = {isa = PBXFileReference; explicitFileType = archive.ar; includeInIndex = 0; path = "libPods-CCIntegrationKit.a"; sourceTree = BUILT_PRODUCTS_DIR; };
		E9757E0CB86D65588AF05A89 /* Pods-CCIntegrationKit.release.xcconfig */ = {isa = PBXFileReference; includeInIndex = 1; lastKnownFileType = text.xcconfig; name = "Pods-CCIntegrationKit.release.xcconfig"; path = "Pods/Target Support Files/Pods-CCIntegrationKit/Pods-CCIntegrationKit.release.xcconfig"; sourceTree = "<group>"; };
/* End PBXFileReference section */

/* Begin PBXFrameworksBuildPhase section */
		524418BB19209A5400D6804D /* Frameworks */ = {
			isa = PBXFrameworksBuildPhase;
			buildActionMask = 2147483647;
			files = (
				524418C419209A5500D6804D /* CoreGraphics.framework in Frameworks */,
				524418C619209A5500D6804D /* UIKit.framework in Frameworks */,
				524418C219209A5400D6804D /* Foundation.framework in Frameworks */,
				C6D5871E3877691181ED0418 /* libPods-CCIntegrationKit.a in Frameworks */,
			);
			runOnlyForDeploymentPostprocessing = 0;
		};
		524418DF19209A5500D6804D /* Frameworks */ = {
			isa = PBXFrameworksBuildPhase;
			buildActionMask = 2147483647;
			files = (
				524418E419209A5500D6804D /* XCTest.framework in Frameworks */,
				524418E619209A5500D6804D /* UIKit.framework in Frameworks */,
				524418E519209A5500D6804D /* Foundation.framework in Frameworks */,
			);
			runOnlyForDeploymentPostprocessing = 0;
		};
/* End PBXFrameworksBuildPhase section */

/* Begin PBXGroup section */
		524418B519209A5400D6804D = {
			isa = PBXGroup;
			children = (
				524418C719209A5500D6804D /* CCIntegrationKit */,
				524418E919209A5500D6804D /* CCIntegrationKitTests */,
				524418C019209A5400D6804D /* Frameworks */,
				524418BF19209A5400D6804D /* Products */,
				8B00D3261404233FB7D3006F /* Pods */,
			);
			sourceTree = "<group>";
		};
		524418BF19209A5400D6804D /* Products */ = {
			isa = PBXGroup;
			children = (
				524418BE19209A5400D6804D /* CCIntegrationKit.app */,
				524418E219209A5500D6804D /* CCIntegrationKitTests.xctest */,
			);
			name = Products;
			sourceTree = "<group>";
		};
		524418C019209A5400D6804D /* Frameworks */ = {
			isa = PBXGroup;
			children = (
				524418C119209A5400D6804D /* Foundation.framework */,
				524418C319209A5500D6804D /* CoreGraphics.framework */,
				524418C519209A5500D6804D /* UIKit.framework */,
				524418E319209A5500D6804D /* XCTest.framework */,
				D80A7EAA3C83E65705FE2D5D /* libPods-CCIntegrationKit.a */,
			);
			name = Frameworks;
			sourceTree = "<group>";
		};
		524418C719209A5500D6804D /* CCIntegrationKit */ = {
			isa = PBXGroup;
			children = (
				524418D019209A5500D6804D /* CCAppDelegate.h */,
				524418D119209A5500D6804D /* CCAppDelegate.m */,
				524418D319209A5500D6804D /* Main_iPhone.storyboard */,
				524418D619209A5500D6804D /* Main_iPad.storyboard */,
				524418DC19209A5500D6804D /* Images.xcassets */,
				524418C819209A5500D6804D /* Supporting Files */,
				524418FF1920CFCE00D6804D /* CCWebViewController.h */,
				524419001920CFCE00D6804D /* CCWebViewController.m */,
				52A9E8331923B42500870A98 /* CCTool.h */,
				52A9E8341923B42500870A98 /* CCTool.m */,
				52A2DF911925C4790014A331 /* CCResultViewController.h */,
				52A2DF921925C4790014A331 /* CCResultViewController.m */,
				52ADB6791964108F00D49CED /* Base64.h */,
				52ADB67B1964113E00D49CED /* Base64.m */,
				52C7E07B19742DB000BE0D51 /* CCInitViewController.h */,
				52C7E07C19742DB000BE0D51 /* CCInitViewController.m */,
			);
			path = CCIntegrationKit;
			sourceTree = "<group>";
		};
		524418C819209A5500D6804D /* Supporting Files */ = {
			isa = PBXGroup;
			children = (
				070C5BE81BCF801D00E8AF1E /* build-libssl.sh */,
				070C5BE91BCF801D00E8AF1E /* create-openssl-framework.sh */,
				524418C919209A5500D6804D /* CCIntegrationKit-Info.plist */,
				524418CA19209A5500D6804D /* InfoPlist.strings */,
				524418CD19209A5500D6804D /* main.m */,
				524418CF19209A5500D6804D /* CCIntegrationKit-Prefix.pch */,
			);
			name = "Supporting Files";
			sourceTree = "<group>";
		};
		524418E919209A5500D6804D /* CCIntegrationKitTests */ = {
			isa = PBXGroup;
			children = (
				524418EF19209A5500D6804D /* CCIntegrationKitTests.m */,
				524418EA19209A5500D6804D /* Supporting Files */,
			);
			path = CCIntegrationKitTests;
			sourceTree = "<group>";
		};
		524418EA19209A5500D6804D /* Supporting Files */ = {
			isa = PBXGroup;
			children = (
				524418EB19209A5500D6804D /* CCIntegrationKitTests-Info.plist */,
				524418EC19209A5500D6804D /* InfoPlist.strings */,
			);
			name = "Supporting Files";
			sourceTree = "<group>";
		};
		8B00D3261404233FB7D3006F /* Pods */ = {
			isa = PBXGroup;
			children = (
				7561411A0027F2F534C1B381 /* Pods-CCIntegrationKit.debug.xcconfig */,
				E9757E0CB86D65588AF05A89 /* Pods-CCIntegrationKit.release.xcconfig */,
			);
			name = Pods;
			sourceTree = "<group>";
		};
/* End PBXGroup section */

/* Begin PBXNativeTarget section */
		524418BD19209A5400D6804D /* CCIntegrationKit */ = {
			isa = PBXNativeTarget;
			buildConfigurationList = 524418F319209A5500D6804D /* Build configuration list for PBXNativeTarget "CCIntegrationKit" */;
			buildPhases = (
				E54BBA8F327EA31B28F0ED96 /* Check Pods Manifest.lock */,
				524418BA19209A5400D6804D /* Sources */,
				524418BB19209A5400D6804D /* Frameworks */,
				524418BC19209A5400D6804D /* Resources */,
				FB14F4FFE826B6876CC800AC /* Copy Pods Resources */,
			);
			buildRules = (
			);
			dependencies = (
			);
			name = CCIntegrationKit;
			productName = CCIntegrationKit;
			productReference = 524418BE19209A5400D6804D /* CCIntegrationKit.app */;
			productType = "com.apple.product-type.application";
		};
		524418E119209A5500D6804D /* CCIntegrationKitTests */ = {
			isa = PBXNativeTarget;
			buildConfigurationList = 524418F619209A5500D6804D /* Build configuration list for PBXNativeTarget "CCIntegrationKitTests" */;
			buildPhases = (
				524418DE19209A5500D6804D /* Sources */,
				524418DF19209A5500D6804D /* Frameworks */,
				524418E019209A5500D6804D /* Resources */,
			);
			buildRules = (
			);
			dependencies = (
				524418E819209A5500D6804D /* PBXTargetDependency */,
			);
			name = CCIntegrationKitTests;
			productName = CCIntegrationKitTests;
			productReference = 524418E219209A5500D6804D /* CCIntegrationKitTests.xctest */;
			productType = "com.apple.product-type.bundle.unit-test";
		};
/* End PBXNativeTarget section */

/* Begin PBXProject section */
		524418B619209A5400D6804D /* Project object */ = {
			isa = PBXProject;
			attributes = {
				CLASSPREFIX = CC;
				LastUpgradeCheck = 0700;
				ORGANIZATIONNAME = Avenues;
				TargetAttributes = {
					524418BD19209A5400D6804D = {
						DevelopmentTeam = 5JZBA6FV4W;
					};
					524418E119209A5500D6804D = {
						TestTargetID = 524418BD19209A5400D6804D;
					};
				};
			};
			buildConfigurationList = 524418B919209A5400D6804D /* Build configuration list for PBXProject "CCIntegrationKit" */;
			compatibilityVersion = "Xcode 3.2";
			developmentRegion = English;
			hasScannedForEncodings = 0;
			knownRegions = (
				en,
				Base,
			);
			mainGroup = 524418B519209A5400D6804D;
			productRefGroup = 524418BF19209A5400D6804D /* Products */;
			projectDirPath = "";
			projectRoot = "";
			targets = (
				524418BD19209A5400D6804D /* CCIntegrationKit */,
				524418E119209A5500D6804D /* CCIntegrationKitTests */,
			);
		};
/* End PBXProject section */

/* Begin PBXResourcesBuildPhase section */
		524418BC19209A5400D6804D /* Resources */ = {
			isa = PBXResourcesBuildPhase;
			buildActionMask = 2147483647;
			files = (
				524418D819209A5500D6804D /* Main_iPad.storyboard in Resources */,
				070C5BEA1BCF801D00E8AF1E /* build-libssl.sh in Resources */,
				524418DD19209A5500D6804D /* Images.xcassets in Resources */,
				524418D519209A5500D6804D /* Main_iPhone.storyboard in Resources */,
				070C5BEB1BCF801D00E8AF1E /* create-openssl-framework.sh in Resources */,
				524418CC19209A5500D6804D /* InfoPlist.strings in Resources */,
			);
			runOnlyForDeploymentPostprocessing = 0;
		};
		524418E019209A5500D6804D /* Resources */ = {
			isa = PBXResourcesBuildPhase;
			buildActionMask = 2147483647;
			files = (
				524418EE19209A5500D6804D /* InfoPlist.strings in Resources */,
			);
			runOnlyForDeploymentPostprocessing = 0;
		};
/* End PBXResourcesBuildPhase section */

/* Begin PBXShellScriptBuildPhase section */
		E54BBA8F327EA31B28F0ED96 /* Check Pods Manifest.lock */ = {
			isa = PBXShellScriptBuildPhase;
			buildActionMask = 2147483647;
			files = (
			);
			inputPaths = (
			);
			name = "Check Pods Manifest.lock";
			outputPaths = (
			);
			runOnlyForDeploymentPostprocessing = 0;
			shellPath = /bin/sh;
			shellScript = "diff \"${PODS_ROOT}/../Podfile.lock\" \"${PODS_ROOT}/Manifest.lock\" > /dev/null\nif [[ $? != 0 ]] ; then\n    cat << EOM\nerror: The sandbox is not in sync with the Podfile.lock. Run 'pod install' or update your CocoaPods installation.\nEOM\n    exit 1\nfi\n";
			showEnvVarsInLog = 0;
		};
		FB14F4FFE826B6876CC800AC /* Copy Pods Resources */ = {
			isa = PBXShellScriptBuildPhase;
			buildActionMask = 2147483647;
			files = (
			);
			inputPaths = (
			);
			name = "Copy Pods Resources";
			outputPaths = (
			);
			runOnlyForDeploymentPostprocessing = 0;
			shellPath = /bin/sh;
			shellScript = "\"${SRCROOT}/Pods/Target Support Files/Pods-CCIntegrationKit/Pods-CCIntegrationKit-resources.sh\"\n";
			showEnvVarsInLog = 0;
		};
/* End PBXShellScriptBuildPhase section */

/* Begin PBXSourcesBuildPhase section */
		524418BA19209A5400D6804D /* Sources */ = {
			isa = PBXSourcesBuildPhase;
			buildActionMask = 2147483647;
			files = (
				524418D219209A5500D6804D /* CCAppDelegate.m in Sources */,
				52A9E8351923B42500870A98 /* CCTool.m in Sources */,
				524418CE19209A5500D6804D /* main.m in Sources */,
				524419011920CFCE00D6804D /* CCWebViewController.m in Sources */,
				52A2DF931925C4790014A331 /* CCResultViewController.m in Sources */,
				52C7E07D19742DB000BE0D51 /* CCInitViewController.m in Sources */,
				52ADB67C1964113E00D49CED /* Base64.m in Sources */,
			);
			runOnlyForDeploymentPostprocessing = 0;
		};
		524418DE19209A5500D6804D /* Sources */ = {
			isa = PBXSourcesBuildPhase;
			buildActionMask = 2147483647;
			files = (
				524418F019209A5500D6804D /* CCIntegrationKitTests.m in Sources */,
			);
			runOnlyForDeploymentPostprocessing = 0;
		};
/* End PBXSourcesBuildPhase section */

/* Begin PBXTargetDependency section */
		524418E819209A5500D6804D /* PBXTargetDependency */ = {
			isa = PBXTargetDependency;
			target = 524418BD19209A5400D6804D /* CCIntegrationKit */;
			targetProxy = 524418E719209A5500D6804D /* PBXContainerItemProxy */;
		};
/* End PBXTargetDependency section */

/* Begin PBXVariantGroup section */
		524418CA19209A5500D6804D /* InfoPlist.strings */ = {
			isa = PBXVariantGroup;
			children = (
				524418CB19209A5500D6804D /* en */,
			);
			name = InfoPlist.strings;
			sourceTree = "<group>";
		};
		524418D319209A5500D6804D /* Main_iPhone.storyboard */ = {
			isa = PBXVariantGroup;
			children = (
				524418D419209A5500D6804D /* Base */,
			);
			name = Main_iPhone.storyboard;
			sourceTree = "<group>";
		};
		524418D619209A5500D6804D /* Main_iPad.storyboard */ = {
			isa = PBXVariantGroup;
			children = (
				524418D719209A5500D6804D /* Base */,
			);
			name = Main_iPad.storyboard;
			sourceTree = "<group>";
		};
		524418EC19209A5500D6804D /* InfoPlist.strings */ = {
			isa = PBXVariantGroup;
			children = (
				524418ED19209A5500D6804D /* en */,
			);
			name = InfoPlist.strings;
			sourceTree = "<group>";
		};
/* End PBXVariantGroup section */

/* Begin XCBuildConfiguration section */
		524418F119209A5500D6804D /* Debug */ = {
			isa = XCBuildConfiguration;
			buildSettings = {
				ALWAYS_SEARCH_USER_PATHS = YES;
				CLANG_CXX_LANGUAGE_STANDARD = "gnu++0x";
				CLANG_CXX_LIBRARY = "libc++";
				CLANG_ENABLE_MODULES = YES;
				CLANG_ENABLE_OBJC_ARC = YES;
				CLANG_WARN_BOOL_CONVERSION = YES;
				CLANG_WARN_CONSTANT_CONVERSION = YES;
				CLANG_WARN_DIRECT_OBJC_ISA_USAGE = YES_ERROR;
				CLANG_WARN_EMPTY_BODY = YES;
				CLANG_WARN_ENUM_CONVERSION = YES;
				CLANG_WARN_INT_CONVERSION = YES;
				CLANG_WARN_OBJC_ROOT_CLASS = YES_ERROR;
				CLANG_WARN__DUPLICATE_METHOD_MATCH = YES;
				CODE_SIGN_IDENTITY = "iPhone Developer";
				"CODE_SIGN_IDENTITY[sdk=iphoneos*]" = "iPhone Developer";
				COPY_PHASE_STRIP = NO;
				ENABLE_TESTABILITY = YES;
				GCC_C_LANGUAGE_STANDARD = gnu99;
				GCC_DYNAMIC_NO_PIC = NO;
				GCC_OPTIMIZATION_LEVEL = 0;
				GCC_PREPROCESSOR_DEFINITIONS = (
					"DEBUG=1",
					"$(inherited)",
				);
				GCC_SYMBOLS_PRIVATE_EXTERN = NO;
				GCC_WARN_64_TO_32_BIT_CONVERSION = YES;
				GCC_WARN_ABOUT_RETURN_TYPE = YES_ERROR;
				GCC_WARN_UNDECLARED_SELECTOR = YES;
				GCC_WARN_UNINITIALIZED_AUTOS = YES_AGGRESSIVE;
				GCC_WARN_UNUSED_FUNCTION = YES;
				GCC_WARN_UNUSED_VARIABLE = YES;
				IPHONEOS_DEPLOYMENT_TARGET = 7.1;
				LIBRARY_SEARCH_PATHS = /Users/test/Desktop/openssl/lib;
				ONLY_ACTIVE_ARCH = YES;
				SDKROOT = iphoneos;
				TARGETED_DEVICE_FAMILY = "1,2";
				USER_HEADER_SEARCH_PATHS = /Users/test/Desktop/openssl/include;
			};
			name = Debug;
		};
		524418F219209A5500D6804D /* Release */ = {
			isa = XCBuildConfiguration;
			buildSettings = {
				ALWAYS_SEARCH_USER_PATHS = YES;
				CLANG_CXX_LANGUAGE_STANDARD = "gnu++0x";
				CLANG_CXX_LIBRARY = "libc++";
				CLANG_ENABLE_MODULES = YES;
				CLANG_ENABLE_OBJC_ARC = YES;
				CLANG_WARN_BOOL_CONVERSION = YES;
				CLANG_WARN_CONSTANT_CONVERSION = YES;
				CLANG_WARN_DIRECT_OBJC_ISA_USAGE = YES_ERROR;
				CLANG_WARN_EMPTY_BODY = YES;
				CLANG_WARN_ENUM_CONVERSION = YES;
				CLANG_WARN_INT_CONVERSION = YES;
				CLANG_WARN_OBJC_ROOT_CLASS = YES_ERROR;
				CLANG_WARN__DUPLICATE_METHOD_MATCH = YES;
				CODE_SIGN_IDENTITY = "iPhone Developer";
				"CODE_SIGN_IDENTITY[sdk=iphoneos*]" = "iPhone Developer";
				COPY_PHASE_STRIP = YES;
				ENABLE_NS_ASSERTIONS = NO;
				GCC_C_LANGUAGE_STANDARD = gnu99;
				GCC_WARN_64_TO_32_BIT_CONVERSION = YES;
				GCC_WARN_ABOUT_RETURN_TYPE = YES_ERROR;
				GCC_WARN_UNDECLARED_SELECTOR = YES;
				GCC_WARN_UNINITIALIZED_AUTOS = YES_AGGRESSIVE;
				GCC_WARN_UNUSED_FUNCTION = YES;
				GCC_WARN_UNUSED_VARIABLE = YES;
				IPHONEOS_DEPLOYMENT_TARGET = 7.1;
				LIBRARY_SEARCH_PATHS = /Users/test/Desktop/openssl/lib;
				SDKROOT = iphoneos;
				TARGETED_DEVICE_FAMILY = "1,2";
				USER_HEADER_SEARCH_PATHS = /Users/test/Desktop/openssl/include;
				VALIDATE_PRODUCT = YES;
			};
			name = Release;
		};
		524418F419209A5500D6804D /* Debug */ = {
			isa = XCBuildConfiguration;
			baseConfigurationReference = 7561411A0027F2F534C1B381 /* Pods-CCIntegrationKit.debug.xcconfig */;
			buildSettings = {
				ASSETCATALOG_COMPILER_APPICON_NAME = AppIcon;
				ASSETCATALOG_COMPILER_LAUNCHIMAGE_NAME = LaunchImage;
				CODE_SIGN_IDENTITY = "iPhone Developer";
				"CODE_SIGN_IDENTITY[sdk=iphoneos*]" = "iPhone Developer";
				GCC_PRECOMPILE_PREFIX_HEADER = YES;
				GCC_PREFIX_HEADER = "CCIntegrationKit/CCIntegrationKit-Prefix.pch";
				INFOPLIST_FILE = "CCIntegrationKit/CCIntegrationKit-Info.plist";
				IPHONEOS_DEPLOYMENT_TARGET = 7.1;
				LIBRARY_SEARCH_PATHS = (
					"$(inherited)",
					/Users/test/Desktop/openssl/lib,
					"${SOURCE_ROOT}/Framework/Classes",
					"$(PROJECT_DIR)",
				);
				OTHER_LDFLAGS = (
					$inherited,
					"-lc++",
					"-all_load",
					"-ObjC",
				);
				PRODUCT_BUNDLE_IDENTIFIER = "com.avenues.${PRODUCT_NAME:rfc1034identifier}";
				PRODUCT_NAME = "$(TARGET_NAME)";
				PROVISIONING_PROFILE = "";
				VALID_ARCHS = "arm64 armv7 armv7s";
				WRAPPER_EXTENSION = app;
			};
			name = Debug;
		};
		524418F519209A5500D6804D /* Release */ = {
			isa = XCBuildConfiguration;
			baseConfigurationReference = E9757E0CB86D65588AF05A89 /* Pods-CCIntegrationKit.release.xcconfig */;
			buildSettings = {
				ASSETCATALOG_COMPILER_APPICON_NAME = AppIcon;
				ASSETCATALOG_COMPILER_LAUNCHIMAGE_NAME = LaunchImage;
				CODE_SIGN_IDENTITY = "iPhone Developer";
				"CODE_SIGN_IDENTITY[sdk=iphoneos*]" = "iPhone Developer";
				GCC_PRECOMPILE_PREFIX_HEADER = YES;
				GCC_PREFIX_HEADER = "CCIntegrationKit/CCIntegrationKit-Prefix.pch";
				INFOPLIST_FILE = "CCIntegrationKit/CCIntegrationKit-Info.plist";
				IPHONEOS_DEPLOYMENT_TARGET = 7.1;
				LIBRARY_SEARCH_PATHS = (
					"$(inherited)",
					/Users/test/Desktop/openssl/lib,
					"${SOURCE_ROOT}/Framework/Classes",
					"$(PROJECT_DIR)",
				);
				OTHER_LDFLAGS = (
					$inherited,
					"-lc++",
					"-all_load",
					"-ObjC",
				);
				PRODUCT_BUNDLE_IDENTIFIER = "com.avenues.${PRODUCT_NAME:rfc1034identifier}";
				PRODUCT_NAME = "$(TARGET_NAME)";
				PROVISIONING_PROFILE = "";
				VALID_ARCHS = "arm64 armv7 armv7s";
				WRAPPER_EXTENSION = app;
			};
			name = Release;
		};
		524418F719209A5500D6804D /* Debug */ = {
			isa = XCBuildConfiguration;
			buildSettings = {
				BUNDLE_LOADER = "$(BUILT_PRODUCTS_DIR)/CCIntegrationKit.app/CCIntegrationKit";
				FRAMEWORK_SEARCH_PATHS = (
					"$(SDKROOT)/Developer/Library/Frameworks",
					"$(inherited)",
					"$(DEVELOPER_FRAMEWORKS_DIR)",
				);
				GCC_PRECOMPILE_PREFIX_HEADER = YES;
				GCC_PREFIX_HEADER = "CCIntegrationKit/CCIntegrationKit-Prefix.pch";
				GCC_PREPROCESSOR_DEFINITIONS = (
					"DEBUG=1",
					"$(inherited)",
				);
				INFOPLIST_FILE = "CCIntegrationKitTests/CCIntegrationKitTests-Info.plist";
				PRODUCT_BUNDLE_IDENTIFIER = "com.avenues.${PRODUCT_NAME:rfc1034identifier}";
				PRODUCT_NAME = "$(TARGET_NAME)";
				TEST_HOST = "$(BUNDLE_LOADER)";
				WRAPPER_EXTENSION = xctest;
			};
			name = Debug;
		};
		524418F819209A5500D6804D /* Release */ = {
			isa = XCBuildConfiguration;
			buildSettings = {
				BUNDLE_LOADER = "$(BUILT_PRODUCTS_DIR)/CCIntegrationKit.app/CCIntegrationKit";
				FRAMEWORK_SEARCH_PATHS = (
					"$(SDKROOT)/Developer/Library/Frameworks",
					"$(inherited)",
					"$(DEVELOPER_FRAMEWORKS_DIR)",
				);
				GCC_PRECOMPILE_PREFIX_HEADER = YES;
				GCC_PREFIX_HEADER = "CCIntegrationKit/CCIntegrationKit-Prefix.pch";
				INFOPLIST_FILE = "CCIntegrationKitTests/CCIntegrationKitTests-Info.plist";
				PRODUCT_BUNDLE_IDENTIFIER = "com.avenues.${PRODUCT_NAME:rfc1034identifier}";
				PRODUCT_NAME = "$(TARGET_NAME)";
				TEST_HOST = "$(BUNDLE_LOADER)";
				WRAPPER_EXTENSION = xctest;
			};
			name = Release;
		};
/* End XCBuildConfiguration section */

/* Begin XCConfigurationList section */
		524418B919209A5400D6804D /* Build configuration list for PBXProject "CCIntegrationKit" */ = {
			isa = XCConfigurationList;
			buildConfigurations = (
				524418F119209A5500D6804D /* Debug */,
				524418F219209A5500D6804D /* Release */,
			);
			defaultConfigurationIsVisible = 0;
			defaultConfigurationName = Release;
		};
		524418F319209A5500D6804D /* Build configuration list for PBXNativeTarget "CCIntegrationKit" */ = {
			isa = XCConfigurationList;
			buildConfigurations = (
				524418F419209A5500D6804D /* Debug */,
				524418F519209A5500D6804D /* Release */,
			);
			defaultConfigurationIsVisible = 0;
			defaultConfigurationName = Release;
		};
		524418F619209A5500D6804D /* Build configuration list for PBXNativeTarget "CCIntegrationKitTests" */ = {
			isa = XCConfigurationList;
			buildConfigurations = (
				524418F719209A5500D6804D /* Debug */,
				524418F819209A5500D6804D /* Release */,
			);
			defaultConfigurationIsVisible = 0;
			defaultConfigurationName = Release;
		};
/* End XCConfigurationList section */
	};
	rootObject = 524418B619209A5400D6804D /* Project object */;
}
